
Microsoft Visual Studio Solution File, Format Version 12.00
# Visual Studio Version 17
VisualStudioVersion = 17.14.36015.10 d17.14
MinimumVisualStudioVersion = 10.0.40219.1
Project("{FAE04EC0-301F-11D3-BF4B-00C04F79EFBC}") = "Firell.Standards.ISO3166", "Firell.Standards.ISO3166\Firell.Standards.ISO3166.csproj", "{CE273589-5EAF-4A4E-AAC6-9E861936604F}"
EndProject
Global
	GlobalSection(SolutionConfigurationPlatforms) = preSolution
		Debug|Any CPU = Debug|Any CPU
		Release|Any CPU = Release|Any CPU
	EndGlobalSection
	GlobalSection(ProjectConfigurationPlatforms) = postSolution
		{CE273589-5EAF-4A4E-AAC6-9E861936604F}.Debug|Any CPU.ActiveCfg = Debug|Any CPU
		{CE273589-5EAF-4A4E-AAC6-9E861936604F}.Debug|Any CPU.Build.0 = Debug|Any CPU
		{CE273589-5EAF-4A4E-AAC6-9E861936604F}.Release|Any CPU.ActiveCfg = Release|Any CPU
		{CE273589-5EAF-4A4E-AAC6-9E861936604F}.Release|Any CPU.Build.0 = Release|Any CPU
	EndGlobalSection
	GlobalSection(SolutionProperties) = preSolution
		HideSolutionNode = FALSE
	EndGlobalSection
	GlobalSection(ExtensibilityGlobals) = postSolution
		SolutionGuid = {35718FAA-4FFB-4BD6-B60E-B6D58F7949DD}
	EndGlobalSection
EndGlobal
